
Microsoft Visual Studio Solution File, Format Version 12.00
# Visual Studio Version 17
VisualStudioVersion = 17.5.002.0
MinimumVisualStudioVersion = 10.0.40219.1
Project("{9A19103F-16F7-4668-BE54-9A1E7A4F7556}") = "LibraryManaement", "LibraryManaement\LibraryManaement.csproj", "{57FAA82E-BC73-426E-88D2-5CB8EE28DC05}"
EndProject
Global
	GlobalSection(SolutionConfigurationPlatforms) = preSolution
		Debug|Any CPU = Debug|Any CPU
		Release|Any CPU = Release|Any CPU
	EndGlobalSection
	GlobalSection(ProjectConfigurationPlatforms) = postSolution
		{57FAA82E-BC73-426E-88D2-5CB8EE28DC05}.Debug|Any CPU.ActiveCfg = Debug|Any CPU
		{57FAA82E-BC73-426E-88D2-5CB8EE28DC05}.Debug|Any CPU.Build.0 = Debug|Any CPU
		{57FAA82E-BC73-426E-88D2-5CB8EE28DC05}.Release|Any CPU.ActiveCfg = Release|Any CPU
		{57FAA82E-BC73-426E-88D2-5CB8EE28DC05}.Release|Any CPU.Build.0 = Release|Any CPU
	EndGlobalSection
	GlobalSection(SolutionProperties) = preSolution
		HideSolutionNode = FALSE
	EndGlobalSection
	GlobalSection(ExtensibilityGlobals) = postSolution
		SolutionGuid = {103A76E8-AAC8-4489-9DE2-9F03415BD228}
	EndGlobalSection
EndGlobal
